
Microsoft Visual Studio Solution File, Format Version 12.00
# Visual Studio Version 16
VisualStudioVersion = 16.0.31229.75
MinimumVisualStudioVersion = 10.0.40219.1
Project("{9A19103F-16F7-4668-BE54-9A1E7A4F7556}") = "Draws", "Draws\Draws\Draws.csproj", "{03D957E3-FAF3-4FC7-970E-136AC50A739C}"
EndProject
Project("{FAE04EC0-301F-11D3-BF4B-00C04F79EFBC}") = "Draws.Android", "Draws\Draws.Android\Draws.Android.csproj", "{25EC94F9-26B6-4EE7-9071-A99685C09397}"
EndProject
Project("{FAE04EC0-301F-11D3-BF4B-00C04F79EFBC}") = "Draws.iOS", "Draws\Draws.iOS\Draws.iOS.csproj", "{D187966C-E0D0-4AC7-AE54-EE1CB9B4C947}"
EndProject
Global
	GlobalSection(SolutionConfigurationPlatforms) = preSolution
		Ad-Hoc|Any CPU = Ad-Hoc|Any CPU
		Ad-Hoc|iPhone = Ad-Hoc|iPhone
		Ad-Hoc|iPhoneSimulator = Ad-Hoc|iPhoneSimulator
		AppStore|Any CPU = AppStore|Any CPU
		AppStore|iPhone = AppStore|iPhone
		AppStore|iPhoneSimulator = AppStore|iPhoneSimulator
		Debug|Any CPU = Debug|Any CPU
		Debug|iPhone = Debug|iPhone
		Debug|iPhoneSimulator = Debug|iPhoneSimulator
		Release|Any CPU = Release|Any CPU
		Release|iPhone = Release|iPhone
		Release|iPhoneSimulator = Release|iPhoneSimulator
	EndGlobalSection
	GlobalSection(ProjectConfigurationPlatforms) = postSolution
		{03D957E3-FAF3-4FC7-970E-136AC50A739C}.Ad-Hoc|Any CPU.ActiveCfg = Release|Any CPU
		{03D957E3-FAF3-4FC7-970E-136AC50A739C}.Ad-Hoc|Any CPU.Build.0 = Release|Any CPU
		{03D957E3-FAF3-4FC7-970E-136AC50A739C}.Ad-Hoc|iPhone.ActiveCfg = Debug|Any CPU
		{03D957E3-FAF3-4FC7-970E-136AC50A739C}.Ad-Hoc|iPhone.Build.0 = Debug|Any CPU
		{03D957E3-FAF3-4FC7-970E-136AC50A739C}.Ad-Hoc|iPhoneSimulator.ActiveCfg = Release|Any CPU
		{03D957E3-FAF3-4FC7-970E-136AC50A739C}.Ad-Hoc|iPhoneSimulator.Build.0 = Release|Any CPU
		{03D957E3-FAF3-4FC7-970E-136AC50A739C}.AppStore|Any CPU.ActiveCfg = Release|Any CPU
		{03D957E3-FAF3-4FC7-970E-136AC50A739C}.AppStore|Any CPU.Build.0 = Release|Any CPU
		{03D957E3-FAF3-4FC7-970E-136AC50A739C}.AppStore|iPhone.ActiveCfg = Debug|Any CPU
		{03D957E3-FAF3-4FC7-970E-136AC50A739C}.AppStore|iPhone.Build.0 = Debug|Any CPU
		{03D957E3-FAF3-4FC7-970E-136AC50A739C}.AppStore|iPhoneSimulator.ActiveCfg = Release|Any CPU
		{03D957E3-FAF3-4FC7-970E-136AC50A739C}.AppStore|iPhoneSimulator.Build.0 = Release|Any CPU
		{03D957E3-FAF3-4FC7-970E-136AC50A739C}.Debug|Any CPU.ActiveCfg = Debug|Any CPU
		{03D957E3-FAF3-4FC7-970E-136AC50A739C}.Debug|Any CPU.Build.0 = Debug|Any CPU
		{03D957E3-FAF3-4FC7-970E-136AC50A739C}.Debug|iPhone.ActiveCfg = Debug|Any CPU
		{03D957E3-FAF3-4FC7-970E-136AC50A739C}.Debug|iPhone.Build.0 = Debug|Any CPU
		{03D957E3-FAF3-4FC7-970E-136AC50A739C}.Debug|iPhoneSimulator.ActiveCfg = Debug|Any CPU
		{03D957E3-FAF3-4FC7-970E-136AC50A739C}.Debug|iPhoneSimulator.Build.0 = Debug|Any CPU
		{03D957E3-FAF3-4FC7-970E-136AC50A739C}.Release|Any CPU.ActiveCfg = Release|Any CPU
		{03D957E3-FAF3-4FC7-970E-136AC50A739C}.Release|Any CPU.Build.0 = Release|Any CPU
		{03D957E3-FAF3-4FC7-970E-136AC50A739C}.Release|iPhone.ActiveCfg = Release|Any CPU
		{03D957E3-FAF3-4FC7-970E-136AC50A739C}.Release|iPhone.Build.0 = Release|Any CPU
		{03D957E3-FAF3-4FC7-970E-136AC50A739C}.Release|iPhoneSimulator.ActiveCfg = Release|Any CPU
		{03D957E3-FAF3-4FC7-970E-136AC50A739C}.Release|iPhoneSimulator.Build.0 = Release|Any CPU
		{25EC94F9-26B6-4EE7-9071-A99685C09397}.Ad-Hoc|Any CPU.ActiveCfg = Release|Any CPU
		{25EC94F9-26B6-4EE7-9071-A99685C09397}.Ad-Hoc|Any CPU.Build.0 = Release|Any CPU
		{25EC94F9-26B6-4EE7-9071-A99685C09397}.Ad-Hoc|Any CPU.Deploy.0 = Release|Any CPU
		{25EC94F9-26B6-4EE7-9071-A99685C09397}.Ad-Hoc|iPhone.ActiveCfg = Debug|Any CPU
		{25EC94F9-26B6-4EE7-9071-A99685C09397}.Ad-Hoc|iPhone.Build.0 = Debug|Any CPU
		{25EC94F9-26B6-4EE7-9071-A99685C09397}.Ad-Hoc|iPhone.Deploy.0 = Debug|Any CPU
		{25EC94F9-26B6-4EE7-9071-A99685C09397}.Ad-Hoc|iPhoneSimulator.ActiveCfg = Release|Any CPU
		{25EC94F9-26B6-4EE7-9071-A99685C09397}.Ad-Hoc|iPhoneSimulator.Build.0 = Release|Any CPU
		{25EC94F9-26B6-4EE7-9071-A99685C09397}.Ad-Hoc|iPhoneSimulator.Deploy.0 = Release|Any CPU
		{25EC94F9-26B6-4EE7-9071-A99685C09397}.AppStore|Any CPU.ActiveCfg = Release|Any CPU
		{25EC94F9-26B6-4EE7-9071-A99685C09397}.AppStore|Any CPU.Build.0 = Release|Any CPU
		{25EC94F9-26B6-4EE7-9071-A99685C09397}.AppStore|Any CPU.Deploy.0 = Release|Any CPU
		{25EC94F9-26B6-4EE7-9071-A99685C09397}.AppStore|iPhone.ActiveCfg = Debug|Any CPU
		{25EC94F9-26B6-4EE7-9071-A99685C09397}.AppStore|iPhone.Build.0 = Debug|Any CPU
		{25EC94F9-26B6-4EE7-9071-A99685C09397}.AppStore|iPhone.Deploy.0 = Debug|Any CPU
		{25EC94F9-26B6-4EE7-9071-A99685C09397}.AppStore|iPhoneSimulator.ActiveCfg = Release|Any CPU
		{25EC94F9-26B6-4EE7-9071-A99685C09397}.AppStore|iPhoneSimulator.Build.0 = Release|Any CPU
		{25EC94F9-26B6-4EE7-9071-A99685C09397}.AppStore|iPhoneSimulator.Deploy.0 = Release|Any CPU
		{25EC94F9-26B6-4EE7-9071-A99685C09397}.Debug|Any CPU.ActiveCfg = Debug|Any CPU
		{25EC94F9-26B6-4EE7-9071-A99685C09397}.Debug|Any CPU.Build.0 = Debug|Any CPU
		{25EC94F9-26B6-4EE7-9071-A99685C09397}.Debug|Any CPU.Deploy.0 = Debug|Any CPU
		{25EC94F9-26B6-4EE7-9071-A99685C09397}.Debug|iPhone.ActiveCfg = Debug|Any CPU
		{25EC94F9-26B6-4EE7-9071-A99685C09397}.Debug|iPhone.Build.0 = Debug|Any CPU
		{25EC94F9-26B6-4EE7-9071-A99685C09397}.Debug|iPhone.Deploy.0 = Debug|Any CPU
		{25EC94F9-26B6-4EE7-9071-A99685C09397}.Debug|iPhoneSimulator.ActiveCfg = Debug|Any CPU
		{25EC94F9-26B6-4EE7-9071-A99685C09397}.Debug|iPhoneSimulator.Build.0 = Debug|Any CPU
		{25EC94F9-26B6-4EE7-9071-A99685C09397}.Debug|iPhoneSimulator.Deploy.0 = Debug|Any CPU
		{25EC94F9-26B6-4EE7-9071-A99685C09397}.Release|Any CPU.ActiveCfg = Release|Any CPU
		{25EC94F9-26B6-4EE7-9071-A99685C09397}.Release|Any CPU.Build.0 = Release|Any CPU
		{25EC94F9-26B6-4EE7-9071-A99685C09397}.Release|Any CPU.Deploy.0 = Release|Any CPU
		{25EC94F9-26B6-4EE7-9071-A99685C09397}.Release|iPhone.ActiveCfg = Release|Any CPU
		{25EC94F9-26B6-4EE7-9071-A99685C09397}.Release|iPhone.Build.0 = Release|Any CPU
		{25EC94F9-26B6-4EE7-9071-A99685C09397}.Release|iPhone.Deploy.0 = Release|Any CPU
		{25EC94F9-26B6-4EE7-9071-A99685C09397}.Release|iPhoneSimulator.ActiveCfg = Release|Any CPU
		{25EC94F9-26B6-4EE7-9071-A99685C09397}.Release|iPhoneSimulator.Build.0 = Release|Any CPU
		{25EC94F9-26B6-4EE7-9071-A99685C09397}.Release|iPhoneSimulator.Deploy.0 = Release|Any CPU
		{D187966C-E0D0-4AC7-AE54-EE1CB9B4C947}.Ad-Hoc|Any CPU.ActiveCfg = Ad-Hoc|iPhoneSimulator
		{D187966C-E0D0-4AC7-AE54-EE1CB9B4C947}.Ad-Hoc|iPhone.ActiveCfg = Ad-Hoc|iPhone
		{D187966C-E0D0-4AC7-AE54-EE1CB9B4C947}.Ad-Hoc|iPhone.Build.0 = Ad-Hoc|iPhone
		{D187966C-E0D0-4AC7-AE54-EE1CB9B4C947}.Ad-Hoc|iPhone.Deploy.0 = Ad-Hoc|iPhone
		{D187966C-E0D0-4AC7-AE54-EE1CB9B4C947}.Ad-Hoc|iPhoneSimulator.ActiveCfg = Ad-Hoc|iPhoneSimulator
		{D187966C-E0D0-4AC7-AE54-EE1CB9B4C947}.Ad-Hoc|iPhoneSimulator.Build.0 = Ad-Hoc|iPhoneSimulator
		{D187966C-E0D0-4AC7-AE54-EE1CB9B4C947}.AppStore|Any CPU.ActiveCfg = AppStore|iPhoneSimulator
		{D187966C-E0D0-4AC7-AE54-EE1CB9B4C947}.AppStore|iPhone.ActiveCfg = AppStore|iPhone
		{D187966C-E0D0-4AC7-AE54-EE1CB9B4C947}.AppStore|iPhone.Build.0 = AppStore|iPhone
		{D187966C-E0D0-4AC7-AE54-EE1CB9B4C947}.AppStore|iPhone.Deploy.0 = AppStore|iPhone
		{D187966C-E0D0-4AC7-AE54-EE1CB9B4C947}.AppStore|iPhoneSimulator.ActiveCfg = AppStore|iPhoneSimulator
		{D187966C-E0D0-4AC7-AE54-EE1CB9B4C947}.AppStore|iPhoneSimulator.Build.0 = AppStore|iPhoneSimulator
		{D187966C-E0D0-4AC7-AE54-EE1CB9B4C947}.Debug|Any CPU.ActiveCfg = Debug|iPhoneSimulator
		{D187966C-E0D0-4AC7-AE54-EE1CB9B4C947}.Debug|Any CPU.Build.0 = Debug|iPhoneSimulator
		{D187966C-E0D0-4AC7-AE54-EE1CB9B4C947}.Debug|Any CPU.Deploy.0 = Debug|iPhoneSimulator
		{D187966C-E0D0-4AC7-AE54-EE1CB9B4C947}.Debug|iPhone.ActiveCfg = Debug|iPhone
		{D187966C-E0D0-4AC7-AE54-EE1CB9B4C947}.Debug|iPhone.Build.0 = Debug|iPhone
		{D187966C-E0D0-4AC7-AE54-EE1CB9B4C947}.Debug|iPhone.Deploy.0 = Debug|iPhone
		{D187966C-E0D0-4AC7-AE54-EE1CB9B4C947}.Debug|iPhoneSimulator.ActiveCfg = Debug|iPhoneSimulator
		{D187966C-E0D0-4AC7-AE54-EE1CB9B4C947}.Debug|iPhoneSimulator.Build.0 = Debug|iPhoneSimulator
		{D187966C-E0D0-4AC7-AE54-EE1CB9B4C947}.Debug|iPhoneSimulator.Deploy.0 = Debug|iPhoneSimulator
		{D187966C-E0D0-4AC7-AE54-EE1CB9B4C947}.Release|Any CPU.ActiveCfg = Release|iPhoneSimulator
		{D187966C-E0D0-4AC7-AE54-EE1CB9B4C947}.Release|Any CPU.Build.0 = Release|iPhoneSimulator
		{D187966C-E0D0-4AC7-AE54-EE1CB9B4C947}.Release|Any CPU.Deploy.0 = Release|iPhoneSimulator
		{D187966C-E0D0-4AC7-AE54-EE1CB9B4C947}.Release|iPhone.ActiveCfg = Release|iPhone
		{D187966C-E0D0-4AC7-AE54-EE1CB9B4C947}.Release|iPhone.Build.0 = Release|iPhone
		{D187966C-E0D0-4AC7-AE54-EE1CB9B4C947}.Release|iPhone.Deploy.0 = Release|iPhone
		{D187966C-E0D0-4AC7-AE54-EE1CB9B4C947}.Release|iPhoneSimulator.ActiveCfg = Release|iPhoneSimulator
		{D187966C-E0D0-4AC7-AE54-EE1CB9B4C947}.Release|iPhoneSimulator.Build.0 = Release|iPhoneSimulator
		{D187966C-E0D0-4AC7-AE54-EE1CB9B4C947}.Release|iPhoneSimulator.Deploy.0 = Release|iPhoneSimulator
	EndGlobalSection
	GlobalSection(SolutionProperties) = preSolution
		HideSolutionNode = FALSE
	EndGlobalSection
	GlobalSection(ExtensibilityGlobals) = postSolution
		SolutionGuid = {BD5FE510-7F0E-406B-A7D8-532766896640}
	EndGlobalSection
EndGlobal
